// !$*UTF8*$!
{
	archiveVersion = 1;
	classes = {
	};
	objectVersion = 56;
	objects = {

/* Begin PBXBuildFile section */
		58BBF65F2A585AFB00225FDA /* MultiplicationApp.swift in Sources */ = {isa = PBXBuildFile; fileRef = 58BBF65E2A585AFB00225FDA /* MultiplicationApp.swift */; };
		58BBF6632A585AFD00225FDA /* Assets.xcassets in Resources */ = {isa = PBXBuildFile; fileRef = 58BBF6622A585AFD00225FDA /* Assets.xcassets */; };
		58BBF6672A585AFD00225FDA /* Preview Assets.xcassets in Resources */ = {isa = PBXBuildFile; fileRef = 58BBF6662A585AFD00225FDA /* Preview Assets.xcassets */; };
		58BBF66E2A585B2200225FDA /* Home.swift in Sources */ = {isa = PBXBuildFile; fileRef = 58BBF66D2A585B2200225FDA /* Home.swift */; };
		58BBF6722A585BE100225FDA /* GameSet.swift in Sources */ = {isa = PBXBuildFile; fileRef = 58BBF6712A585BE100225FDA /* GameSet.swift */; };
		58BBF6752A585EEC00225FDA /* GamePlay.swift in Sources */ = {isa = PBXBuildFile; fileRef = 58BBF6742A585EEC00225FDA /* GamePlay.swift */; };
		58BBF6772A58840C00225FDA /* GridStack.swift in Sources */ = {isa = PBXBuildFile; fileRef = 58BBF6762A58840C00225FDA /* GridStack.swift */; };
		58BBF67B2A58851B00225FDA /* NumberPad.swift in Sources */ = {isa = PBXBuildFile; fileRef = 58BBF67A2A58851B00225FDA /* NumberPad.swift */; };
		58BBF6802A58DD7100225FDA /* CalculatorPad.swift in Sources */ = {isa = PBXBuildFile; fileRef = 58BBF67F2A58DD7100225FDA /* CalculatorPad.swift */; };
		58BBF6832A58DDED00225FDA /* TimeTableSet.swift in Sources */ = {isa = PBXBuildFile; fileRef = 58BBF6822A58DDED00225FDA /* TimeTableSet.swift */; };
		58BBF6852A58DF3B00225FDA /* TimeTable.swift in Sources */ = {isa = PBXBuildFile; fileRef = 58BBF6842A58DF3B00225FDA /* TimeTable.swift */; };
/* End PBXBuildFile section */

/* Begin PBXFileReference section */
		58BBF65B2A585AFB00225FDA /* Multiplication.app */ = {isa = PBXFileReference; explicitFileType = wrapper.application; includeInIndex = 0; path = Multiplication.app; sourceTree = BUILT_PRODUCTS_DIR; };
		58BBF65E2A585AFB00225FDA /* MultiplicationApp.swift */ = {isa = PBXFileReference; lastKnownFileType = sourcecode.swift; path = MultiplicationApp.swift; sourceTree = "<group>"; };
		58BBF6622A585AFD00225FDA /* Assets.xcassets */ = {isa = PBXFileReference; lastKnownFileType = folder.assetcatalog; path = Assets.xcassets; sourceTree = "<group>"; };
		58BBF6642A585AFD00225FDA /* Multiplication.entitlements */ = {isa = PBXFileReference; lastKnownFileType = text.plist.entitlements; path = Multiplication.entitlements; sourceTree = "<group>"; };
		58BBF6662A585AFD00225FDA /* Preview Assets.xcassets */ = {isa = PBXFileReference; lastKnownFileType = folder.assetcatalog; path = "Preview Assets.xcassets"; sourceTree = "<group>"; };
		58BBF66D2A585B2200225FDA /* Home.swift */ = {isa = PBXFileReference; lastKnownFileType = sourcecode.swift; path = Home.swift; sourceTree = "<group>"; };
		58BBF6712A585BE100225FDA /* GameSet.swift */ = {isa = PBXFileReference; lastKnownFileType = sourcecode.swift; path = GameSet.swift; sourceTree = "<group>"; };
		58BBF6742A585EEC00225FDA /* GamePlay.swift */ = {isa = PBXFileReference; lastKnownFileType = sourcecode.swift; path = GamePlay.swift; sourceTree = "<group>"; };
		58BBF6762A58840C00225FDA /* GridStack.swift */ = {isa = PBXFileReference; lastKnownFileType = sourcecode.swift; path = GridStack.swift; sourceTree = "<group>"; };
		58BBF67A2A58851B00225FDA /* NumberPad.swift */ = {isa = PBXFileReference; lastKnownFileType = sourcecode.swift; path = NumberPad.swift; sourceTree = "<group>"; };
		58BBF67F2A58DD7100225FDA /* CalculatorPad.swift */ = {isa = PBXFileReference; lastKnownFileType = sourcecode.swift; path = CalculatorPad.swift; sourceTree = "<group>"; };
		58BBF6822A58DDED00225FDA /* TimeTableSet.swift */ = {isa = PBXFileReference; lastKnownFileType = sourcecode.swift; path = TimeTableSet.swift; sourceTree = "<group>"; };
		58BBF6842A58DF3B00225FDA /* TimeTable.swift */ = {isa = PBXFileReference; lastKnownFileType = sourcecode.swift; path = TimeTable.swift; sourceTree = "<group>"; };
/* End PBXFileReference section */

/* Begin PBXFrameworksBuildPhase section */
		58BBF6582A585AFB00225FDA /* Frameworks */ = {
			isa = PBXFrameworksBuildPhase;
			buildActionMask = 2147483647;
			files = (
			);
			runOnlyForDeploymentPostprocessing = 0;
		};
/* End PBXFrameworksBuildPhase section */

/* Begin PBXGroup section */
		58BBF6522A585AFB00225FDA = {
			isa = PBXGroup;
			children = (
				58BBF65D2A585AFB00225FDA /* Multiplication */,
				58BBF65C2A585AFB00225FDA /* Products */,
			);
			sourceTree = "<group>";
		};
		58BBF65C2A585AFB00225FDA /* Products */ = {
			isa = PBXGroup;
			children = (
				58BBF65B2A585AFB00225FDA /* Multiplication.app */,
			);
			name = Products;
			sourceTree = "<group>";
		};
		58BBF65D2A585AFB00225FDA /* Multiplication */ = {
			isa = PBXGroup;
			children = (
				58BBF6792A5884B000225FDA /* Reference */,
				58BBF6782A58849100225FDA /* UserInterface */,
				58BBF65E2A585AFB00225FDA /* MultiplicationApp.swift */,
				58BBF6622A585AFD00225FDA /* Assets.xcassets */,
				58BBF6642A585AFD00225FDA /* Multiplication.entitlements */,
				58BBF6652A585AFD00225FDA /* Preview Content */,
			);
			path = Multiplication;
			sourceTree = "<group>";
		};
		58BBF6652A585AFD00225FDA /* Preview Content */ = {
			isa = PBXGroup;
			children = (
				58BBF6662A585AFD00225FDA /* Preview Assets.xcassets */,
			);
			path = "Preview Content";
			sourceTree = "<group>";
		};
		58BBF6732A585EC400225FDA /* Game */ = {
			isa = PBXGroup;
			children = (
				58BBF6712A585BE100225FDA /* GameSet.swift */,
				58BBF6742A585EEC00225FDA /* GamePlay.swift */,
			);
			path = Game;
			sourceTree = "<group>";
		};
		58BBF6782A58849100225FDA /* UserInterface */ = {
			isa = PBXGroup;
			children = (
				58BBF66D2A585B2200225FDA /* Home.swift */,
				58BBF6732A585EC400225FDA /* Game */,
				58BBF6812A58DDC400225FDA /* TimeTable */,
			);
			path = UserInterface;
			sourceTree = "<group>";
		};
		58BBF6792A5884B000225FDA /* Reference */ = {
			isa = PBXGroup;
			children = (
				58BBF67F2A58DD7100225FDA /* CalculatorPad.swift */,
				58BBF67A2A58851B00225FDA /* NumberPad.swift */,
				58BBF6762A58840C00225FDA /* GridStack.swift */,
			);
			path = Reference;
			sourceTree = "<group>";
		};
		58BBF6812A58DDC400225FDA /* TimeTable */ = {
			isa = PBXGroup;
			children = (
				58BBF6822A58DDED00225FDA /* TimeTableSet.swift */,
				58BBF6842A58DF3B00225FDA /* TimeTable.swift */,
			);
			path = TimeTable;
			sourceTree = "<group>";
		};
/* End PBXGroup section */

/* Begin PBXNativeTarget section */
		58BBF65A2A585AFB00225FDA /* Multiplication */ = {
			isa = PBXNativeTarget;
			buildConfigurationList = 58BBF66A2A585AFD00225FDA /* Build configuration list for PBXNativeTarget "Multiplication" */;
			buildPhases = (
				58BBF6572A585AFB00225FDA /* Sources */,
				58BBF6582A585AFB00225FDA /* Frameworks */,
				58BBF6592A585AFB00225FDA /* Resources */,
			);
			buildRules = (
			);
			dependencies = (
			);
			name = Multiplication;
			productName = Multiplication;
			productReference = 58BBF65B2A585AFB00225FDA /* Multiplication.app */;
			productType = "com.apple.product-type.application";
		};
/* End PBXNativeTarget section */

/* Begin PBXProject section */
		58BBF6532A585AFB00225FDA /* Project object */ = {
			isa = PBXProject;
			attributes = {
				BuildIndependentTargetsInParallel = 1;
				LastSwiftUpdateCheck = 1430;
				LastUpgradeCheck = 1430;
				TargetAttributes = {
					58BBF65A2A585AFB00225FDA = {
						CreatedOnToolsVersion = 14.3.1;
					};
				};
			};
			buildConfigurationList = 58BBF6562A585AFB00225FDA /* Build configuration list for PBXProject "Multiplication" */;
			compatibilityVersion = "Xcode 14.0";
			developmentRegion = en;
			hasScannedForEncodings = 0;
			knownRegions = (
				en,
				Base,
			);
			mainGroup = 58BBF6522A585AFB00225FDA;
			productRefGroup = 58BBF65C2A585AFB00225FDA /* Products */;
			projectDirPath = "";
			projectRoot = "";
			targets = (
				58BBF65A2A585AFB00225FDA /* Multiplication */,
			);
		};
/* End PBXProject section */

/* Begin PBXResourcesBuildPhase section */
		58BBF6592A585AFB00225FDA /* Resources */ = {
			isa = PBXResourcesBuildPhase;
			buildActionMask = 2147483647;
			files = (
				58BBF6672A585AFD00225FDA /* Preview Assets.xcassets in Resources */,
				58BBF6632A585AFD00225FDA /* Assets.xcassets in Resources */,
			);
			runOnlyForDeploymentPostprocessing = 0;
		};
/* End PBXResourcesBuildPhase section */

/* Begin PBXSourcesBuildPhase section */
		58BBF6572A585AFB00225FDA /* Sources */ = {
			isa = PBXSourcesBuildPhase;
			buildActionMask = 2147483647;
			files = (
				58BBF6752A585EEC00225FDA /* GamePlay.swift in Sources */,
				58BBF6852A58DF3B00225FDA /* TimeTable.swift in Sources */,
				58BBF67B2A58851B00225FDA /* NumberPad.swift in Sources */,
				58BBF6832A58DDED00225FDA /* TimeTableSet.swift in Sources */,
				58BBF6772A58840C00225FDA /* GridStack.swift in Sources */,
				58BBF66E2A585B2200225FDA /* Home.swift in Sources */,
				58BBF6802A58DD7100225FDA /* CalculatorPad.swift in Sources */,
				58BBF6722A585BE100225FDA /* GameSet.swift in Sources */,
				58BBF65F2A585AFB00225FDA /* MultiplicationApp.swift in Sources */,
			);
			runOnlyForDeploymentPostprocessing = 0;
		};
/* End PBXSourcesBuildPhase section */

/* Begin XCBuildConfiguration section */
		58BBF6682A585AFD00225FDA /* Debug */ = {
			isa = XCBuildConfiguration;
			buildSettings = {
				ALWAYS_SEARCH_USER_PATHS = NO;
				CLANG_ANALYZER_NONNULL = YES;
				CLANG_ANALYZER_NUMBER_OBJECT_CONVERSION = YES_AGGRESSIVE;
				CLANG_CXX_LANGUAGE_STANDARD = "gnu++20";
				CLANG_ENABLE_MODULES = YES;
				CLANG_ENABLE_OBJC_ARC = YES;
				CLANG_ENABLE_OBJC_WEAK = YES;
				CLANG_WARN_BLOCK_CAPTURE_AUTORELEASING = YES;
				CLANG_WARN_BOOL_CONVERSION = YES;
				CLANG_WARN_COMMA = YES;
				CLANG_WARN_CONSTANT_CONVERSION = YES;
				CLANG_WARN_DEPRECATED_OBJC_IMPLEMENTATIONS = YES;
				CLANG_WARN_DIRECT_OBJC_ISA_USAGE = YES_ERROR;
				CLANG_WARN_DOCUMENTATION_COMMENTS = YES;
				CLANG_WARN_EMPTY_BODY = YES;
				CLANG_WARN_ENUM_CONVERSION = YES;
				CLANG_WARN_INFINITE_RECURSION = YES;
				CLANG_WARN_INT_CONVERSION = YES;
				CLANG_WARN_NON_LITERAL_NULL_CONVERSION = YES;
				CLANG_WARN_OBJC_IMPLICIT_RETAIN_SELF = YES;
				CLANG_WARN_OBJC_LITERAL_CONVERSION = YES;
				CLANG_WARN_OBJC_ROOT_CLASS = YES_ERROR;
				CLANG_WARN_QUOTED_INCLUDE_IN_FRAMEWORK_HEADER = YES;
				CLANG_WARN_RANGE_LOOP_ANALYSIS = YES;
				CLANG_WARN_STRICT_PROTOTYPES = YES;
				CLANG_WARN_SUSPICIOUS_MOVE = YES;
				CLANG_WARN_UNGUARDED_AVAILABILITY = YES_AGGRESSIVE;
				CLANG_WARN_UNREACHABLE_CODE = YES;
				CLANG_WARN__DUPLICATE_METHOD_MATCH = YES;
				COPY_PHASE_STRIP = NO;
				DEBUG_INFORMATION_FORMAT = dwarf;
				ENABLE_STRICT_OBJC_MSGSEND = YES;
				ENABLE_TESTABILITY = YES;
				GCC_C_LANGUAGE_STANDARD = gnu11;
				GCC_DYNAMIC_NO_PIC = NO;
				GCC_NO_COMMON_BLOCKS = YES;
				GCC_OPTIMIZATION_LEVEL = 0;
				GCC_PREPROCESSOR_DEFINITIONS = (
					"DEBUG=1",
					"$(inherited)",
				);
				GCC_WARN_64_TO_32_BIT_CONVERSION = YES;
				GCC_WARN_ABOUT_RETURN_TYPE = YES_ERROR;
				GCC_WARN_UNDECLARED_SELECTOR = YES;
				GCC_WARN_UNINITIALIZED_AUTOS = YES_AGGRESSIVE;
				GCC_WARN_UNUSED_FUNCTION = YES;
				GCC_WARN_UNUSED_VARIABLE = YES;
				MTL_ENABLE_DEBUG_INFO = INCLUDE_SOURCE;
				MTL_FAST_MATH = YES;
				ONLY_ACTIVE_ARCH = YES;
				SWIFT_ACTIVE_COMPILATION_CONDITIONS = DEBUG;
				SWIFT_OPTIMIZATION_LEVEL = "-Onone";
			};
			name = Debug;
		};
		58BBF6692A585AFD00225FDA /* Release */ = {
			isa = XCBuildConfiguration;
			buildSettings = {
				ALWAYS_SEARCH_USER_PATHS = NO;
				CLANG_ANALYZER_NONNULL = YES;
				CLANG_ANALYZER_NUMBER_OBJECT_CONVERSION = YES_AGGRESSIVE;
				CLANG_CXX_LANGUAGE_STANDARD = "gnu++20";
				CLANG_ENABLE_MODULES = YES;
				CLANG_ENABLE_OBJC_ARC = YES;
				CLANG_ENABLE_OBJC_WEAK = YES;
				CLANG_WARN_BLOCK_CAPTURE_AUTORELEASING = YES;
				CLANG_WARN_BOOL_CONVERSION = YES;
				CLANG_WARN_COMMA = YES;
				CLANG_WARN_CONSTANT_CONVERSION = YES;
				CLANG_WARN_DEPRECATED_OBJC_IMPLEMENTATIONS = YES;
				CLANG_WARN_DIRECT_OBJC_ISA_USAGE = YES_ERROR;
				CLANG_WARN_DOCUMENTATION_COMMENTS = YES;
				CLANG_WARN_EMPTY_BODY = YES;
				CLANG_WARN_ENUM_CONVERSION = YES;
				CLANG_WARN_INFINITE_RECURSION = YES;
				CLANG_WARN_INT_CONVERSION = YES;
				CLANG_WARN_NON_LITERAL_NULL_CONVERSION = YES;
				CLANG_WARN_OBJC_IMPLICIT_RETAIN_SELF = YES;
				CLANG_WARN_OBJC_LITERAL_CONVERSION = YES;
				CLANG_WARN_OBJC_ROOT_CLASS = YES_ERROR;
				CLANG_WARN_QUOTED_INCLUDE_IN_FRAMEWORK_HEADER = YES;
				CLANG_WARN_RANGE_LOOP_ANALYSIS = YES;
				CLANG_WARN_STRICT_PROTOTYPES = YES;
				CLANG_WARN_SUSPICIOUS_MOVE = YES;
				CLANG_WARN_UNGUARDED_AVAILABILITY = YES_AGGRESSIVE;
				CLANG_WARN_UNREACHABLE_CODE = YES;
				CLANG_WARN__DUPLICATE_METHOD_MATCH = YES;
				COPY_PHASE_STRIP = NO;
				DEBUG_INFORMATION_FORMAT = "dwarf-with-dsym";
				ENABLE_NS_ASSERTIONS = NO;
				ENABLE_STRICT_OBJC_MSGSEND = YES;
				GCC_C_LANGUAGE_STANDARD = gnu11;
				GCC_NO_COMMON_BLOCKS = YES;
				GCC_WARN_64_TO_32_BIT_CONVERSION = YES;
				GCC_WARN_ABOUT_RETURN_TYPE = YES_ERROR;
				GCC_WARN_UNDECLARED_SELECTOR = YES;
				GCC_WARN_UNINITIALIZED_AUTOS = YES_AGGRESSIVE;
				GCC_WARN_UNUSED_FUNCTION = YES;
				GCC_WARN_UNUSED_VARIABLE = YES;
				MTL_ENABLE_DEBUG_INFO = NO;
				MTL_FAST_MATH = YES;
				SWIFT_COMPILATION_MODE = wholemodule;
				SWIFT_OPTIMIZATION_LEVEL = "-O";
			};
			name = Release;
		};
		58BBF66B2A585AFD00225FDA /* Debug */ = {
			isa = XCBuildConfiguration;
			buildSettings = {
				ASSETCATALOG_COMPILER_APPICON_NAME = AppIcon;
				ASSETCATALOG_COMPILER_GLOBAL_ACCENT_COLOR_NAME = AccentColor;
				CODE_SIGN_ENTITLEMENTS = Multiplication/Multiplication.entitlements;
				CODE_SIGN_STYLE = Automatic;
				CURRENT_PROJECT_VERSION = 1;
				DEVELOPMENT_ASSET_PATHS = "\"Multiplication/Preview Content\"";
				ENABLE_PREVIEWS = YES;
				GENERATE_INFOPLIST_FILE = YES;
				"INFOPLIST_KEY_UIApplicationSceneManifest_Generation[sdk=iphoneos*]" = YES;
				"INFOPLIST_KEY_UIApplicationSceneManifest_Generation[sdk=iphonesimulator*]" = YES;
				"INFOPLIST_KEY_UIApplicationSupportsIndirectInputEvents[sdk=iphoneos*]" = YES;
				"INFOPLIST_KEY_UIApplicationSupportsIndirectInputEvents[sdk=iphonesimulator*]" = YES;
				"INFOPLIST_KEY_UILaunchScreen_Generation[sdk=iphoneos*]" = YES;
				"INFOPLIST_KEY_UILaunchScreen_Generation[sdk=iphonesimulator*]" = YES;
				"INFOPLIST_KEY_UIStatusBarStyle[sdk=iphoneos*]" = UIStatusBarStyleDefault;
				"INFOPLIST_KEY_UIStatusBarStyle[sdk=iphonesimulator*]" = UIStatusBarStyleDefault;
				INFOPLIST_KEY_UISupportedInterfaceOrientations_iPad = "UIInterfaceOrientationPortrait UIInterfaceOrientationPortraitUpsideDown UIInterfaceOrientationLandscapeLeft UIInterfaceOrientationLandscapeRight";
				INFOPLIST_KEY_UISupportedInterfaceOrientations_iPhone = "UIInterfaceOrientationPortrait UIInterfaceOrientationLandscapeLeft UIInterfaceOrientationLandscapeRight";
				IPHONEOS_DEPLOYMENT_TARGET = 16.4;
				LD_RUNPATH_SEARCH_PATHS = "@executable_path/Frameworks";
				"LD_RUNPATH_SEARCH_PATHS[sdk=macosx*]" = "@executable_path/../Frameworks";
				MACOSX_DEPLOYMENT_TARGET = 13.3;
				MARKETING_VERSION = 1.0;
				PRODUCT_BUNDLE_IDENTIFIER = me.Yoonje.Lee.Multiplication;
				PRODUCT_NAME = "$(TARGET_NAME)";
				SDKROOT = auto;
				SUPPORTED_PLATFORMS = "iphoneos iphonesimulator macosx";
				SWIFT_EMIT_LOC_STRINGS = YES;
				SWIFT_VERSION = 5.0;
				TARGETED_DEVICE_FAMILY = "1,2";
			};
			name = Debug;
		};
		58BBF66C2A585AFD00225FDA /* Release */ = {
			isa = XCBuildConfiguration;
			buildSettings = {
				ASSETCATALOG_COMPILER_APPICON_NAME = AppIcon;
				ASSETCATALOG_COMPILER_GLOBAL_ACCENT_COLOR_NAME = AccentColor;
				CODE_SIGN_ENTITLEMENTS = Multiplication/Multiplication.entitlements;
				CODE_SIGN_STYLE = Automatic;
				CURRENT_PROJECT_VERSION = 1;
				DEVELOPMENT_ASSET_PATHS = "\"Multiplication/Preview Content\"";
				ENABLE_PREVIEWS = YES;
				GENERATE_INFOPLIST_FILE = YES;
				"INFOPLIST_KEY_UIApplicationSceneManifest_Generation[sdk=iphoneos*]" = YES;
				"INFOPLIST_KEY_UIApplicationSceneManifest_Generation[sdk=iphonesimulator*]" = YES;
				"INFOPLIST_KEY_UIApplicationSupportsIndirectInputEvents[sdk=iphoneos*]" = YES;
				"INFOPLIST_KEY_UIApplicationSupportsIndirectInputEvents[sdk=iphonesimulator*]" = YES;
				"INFOPLIST_KEY_UILaunchScreen_Generation[sdk=iphoneos*]" = YES;
				"INFOPLIST_KEY_UILaunchScreen_Generation[sdk=iphonesimulator*]" = YES;
				"INFOPLIST_KEY_UIStatusBarStyle[sdk=iphoneos*]" = UIStatusBarStyleDefault;
				"INFOPLIST_KEY_UIStatusBarStyle[sdk=iphonesimulator*]" = UIStatusBarStyleDefault;
				INFOPLIST_KEY_UISupportedInterfaceOrientations_iPad = "UIInterfaceOrientationPortrait UIInterfaceOrientationPortraitUpsideDown UIInterfaceOrientationLandscapeLeft UIInterfaceOrientationLandscapeRight";
				INFOPLIST_KEY_UISupportedInterfaceOrientations_iPhone = "UIInterfaceOrientationPortrait UIInterfaceOrientationLandscapeLeft UIInterfaceOrientationLandscapeRight";
				IPHONEOS_DEPLOYMENT_TARGET = 16.4;
				LD_RUNPATH_SEARCH_PATHS = "@executable_path/Frameworks";
				"LD_RUNPATH_SEARCH_PATHS[sdk=macosx*]" = "@executable_path/../Frameworks";
				MACOSX_DEPLOYMENT_TARGET = 13.3;
				MARKETING_VERSION = 1.0;
				PRODUCT_BUNDLE_IDENTIFIER = me.Yoonje.Lee.Multiplication;
				PRODUCT_NAME = "$(TARGET_NAME)";
				SDKROOT = auto;
				SUPPORTED_PLATFORMS = "iphoneos iphonesimulator macosx";
				SWIFT_EMIT_LOC_STRINGS = YES;
				SWIFT_VERSION = 5.0;
				TARGETED_DEVICE_FAMILY = "1,2";
			};
			name = Release;
		};
/* End XCBuildConfiguration section */

/* Begin XCConfigurationList section */
		58BBF6562A585AFB00225FDA /* Build configuration list for PBXProject "Multiplication" */ = {
			isa = XCConfigurationList;
			buildConfigurations = (
				58BBF6682A585AFD00225FDA /* Debug */,
				58BBF6692A585AFD00225FDA /* Release */,
			);
			defaultConfigurationIsVisible = 0;
			defaultConfigurationName = Release;
		};
		58BBF66A2A585AFD00225FDA /* Build configuration list for PBXNativeTarget "Multiplication" */ = {
			isa = XCConfigurationList;
			buildConfigurations = (
				58BBF66B2A585AFD00225FDA /* Debug */,
				58BBF66C2A585AFD00225FDA /* Release */,
			);
			defaultConfigurationIsVisible = 0;
			defaultConfigurationName = Release;
		};
/* End XCConfigurationList section */
	};
	rootObject = 58BBF6532A585AFB00225FDA /* Project object */;
}
